// !$*UTF8*$!
{
	archiveVersion = 1;
	classes = {
	};
	objectVersion = 50;
	objects = {

/* Begin PBXBuildFile section */
		85FA082B23322DDC005A7713 /* volgorde.cpp in Sources */ = {isa = PBXBuildFile; fileRef = 85FA082A23322DDC005A7713 /* volgorde.cpp */; };
		85FA083A23322E4F005A7713 /* file2.cpp in Sources */ = {isa = PBXBuildFile; fileRef = 85FA081F23322823005A7713 /* file2.cpp */; };
		85FA083B23322E4F005A7713 /* file1.cpp in Sources */ = {isa = PBXBuildFile; fileRef = 85FA08162332206B005A7713 /* file1.cpp */; };
		85FA084323322EF4005A7713 /* forward-needed.cpp in Sources */ = {isa = PBXBuildFile; fileRef = 85FA084223322EF4005A7713 /* forward-needed.cpp */; };
		85FA084E23322F49005A7713 /* main.cpp in Sources */ = {isa = PBXBuildFile; fileRef = 85FA084D23322F49005A7713 /* main.cpp */; };
		85FA085B233230A2005A7713 /* main.cpp in Sources */ = {isa = PBXBuildFile; fileRef = 85FA085A233230A2005A7713 /* main.cpp */; };
		85FA0869233233DB005A7713 /* main.cpp in Sources */ = {isa = PBXBuildFile; fileRef = 85FA0868233233DB005A7713 /* main.cpp */; };
		85FA08742332340A005A7713 /* main.cpp in Sources */ = {isa = PBXBuildFile; fileRef = 85FA08732332340A005A7713 /* main.cpp */; };
		85FA087F23323470005A7713 /* main.cpp in Sources */ = {isa = PBXBuildFile; fileRef = 85FA087E23323470005A7713 /* main.cpp */; };
		85FA088A233234BE005A7713 /* main.cpp in Sources */ = {isa = PBXBuildFile; fileRef = 85FA0889233234BE005A7713 /* main.cpp */; };
		85FA0895233234F4005A7713 /* main.cpp in Sources */ = {isa = PBXBuildFile; fileRef = 85FA0894233234F4005A7713 /* main.cpp */; };
		85FA08A02332352A005A7713 /* main.cpp in Sources */ = {isa = PBXBuildFile; fileRef = 85FA089F2332352A005A7713 /* main.cpp */; };
		85FA08AB23323592005A7713 /* main.cpp in Sources */ = {isa = PBXBuildFile; fileRef = 85FA08AA23323592005A7713 /* main.cpp */; };
		85FA08B6233235E1005A7713 /* main.cpp in Sources */ = {isa = PBXBuildFile; fileRef = 85FA08B5233235E1005A7713 /* main.cpp */; };
		85FA08C82332369A005A7713 /* read_int.cpp in Sources */ = {isa = PBXBuildFile; fileRef = 85FA08C523323699005A7713 /* read_int.cpp */; };
		85FA08C92332369A005A7713 /* big_uns.cpp in Sources */ = {isa = PBXBuildFile; fileRef = 85FA08C623323699005A7713 /* big_uns.cpp */; };
/* End PBXBuildFile section */

/* Begin PBXCopyFilesBuildPhase section */
		85FA080B23321FD8005A7713 /* CopyFiles */ = {
			isa = PBXCopyFilesBuildPhase;
			buildActionMask = 2147483647;
			dstPath = /usr/share/man/man1/;
			dstSubfolderSpec = 0;
			files = (
			);
			runOnlyForDeploymentPostprocessing = 1;
		};
		85FA082623322DDC005A7713 /* CopyFiles */ = {
			isa = PBXCopyFilesBuildPhase;
			buildActionMask = 2147483647;
			dstPath = /usr/share/man/man1/;
			dstSubfolderSpec = 0;
			files = (
			);
			runOnlyForDeploymentPostprocessing = 1;
		};
		85FA083123322E43005A7713 /* CopyFiles */ = {
			isa = PBXCopyFilesBuildPhase;
			buildActionMask = 2147483647;
			dstPath = /usr/share/man/man1/;
			dstSubfolderSpec = 0;
			files = (
			);
			runOnlyForDeploymentPostprocessing = 1;
		};
		85FA083E23322EF4005A7713 /* CopyFiles */ = {
			isa = PBXCopyFilesBuildPhase;
			buildActionMask = 2147483647;
			dstPath = /usr/share/man/man1/;
			dstSubfolderSpec = 0;
			files = (
			);
			runOnlyForDeploymentPostprocessing = 1;
		};
		85FA084923322F49005A7713 /* CopyFiles */ = {
			isa = PBXCopyFilesBuildPhase;
			buildActionMask = 2147483647;
			dstPath = /usr/share/man/man1/;
			dstSubfolderSpec = 0;
			files = (
			);
			runOnlyForDeploymentPostprocessing = 1;
		};
		85FA0856233230A2005A7713 /* CopyFiles */ = {
			isa = PBXCopyFilesBuildPhase;
			buildActionMask = 2147483647;
			dstPath = /usr/share/man/man1/;
			dstSubfolderSpec = 0;
			files = (
			);
			runOnlyForDeploymentPostprocessing = 1;
		};
		85FA0864233233DB005A7713 /* CopyFiles */ = {
			isa = PBXCopyFilesBuildPhase;
			buildActionMask = 2147483647;
			dstPath = /usr/share/man/man1/;
			dstSubfolderSpec = 0;
			files = (
			);
			runOnlyForDeploymentPostprocessing = 1;
		};
		85FA086F2332340A005A7713 /* CopyFiles */ = {
			isa = PBXCopyFilesBuildPhase;
			buildActionMask = 2147483647;
			dstPath = /usr/share/man/man1/;
			dstSubfolderSpec = 0;
			files = (
			);
			runOnlyForDeploymentPostprocessing = 1;
		};
		85FA087A23323470005A7713 /* CopyFiles */ = {
			isa = PBXCopyFilesBuildPhase;
			buildActionMask = 2147483647;
			dstPath = /usr/share/man/man1/;
			dstSubfolderSpec = 0;
			files = (
			);
			runOnlyForDeploymentPostprocessing = 1;
		};
		85FA0885233234BE005A7713 /* CopyFiles */ = {
			isa = PBXCopyFilesBuildPhase;
			buildActionMask = 2147483647;
			dstPath = /usr/share/man/man1/;
			dstSubfolderSpec = 0;
			files = (
			);
			runOnlyForDeploymentPostprocessing = 1;
		};
		85FA0890233234F4005A7713 /* CopyFiles */ = {
			isa = PBXCopyFilesBuildPhase;
			buildActionMask = 2147483647;
			dstPath = /usr/share/man/man1/;
			dstSubfolderSpec = 0;
			files = (
			);
			runOnlyForDeploymentPostprocessing = 1;
		};
		85FA089B2332352A005A7713 /* CopyFiles */ = {
			isa = PBXCopyFilesBuildPhase;
			buildActionMask = 2147483647;
			dstPath = /usr/share/man/man1/;
			dstSubfolderSpec = 0;
			files = (
			);
			runOnlyForDeploymentPostprocessing = 1;
		};
		85FA08A623323592005A7713 /* CopyFiles */ = {
			isa = PBXCopyFilesBuildPhase;
			buildActionMask = 2147483647;
			dstPath = /usr/share/man/man1/;
			dstSubfolderSpec = 0;
			files = (
			);
			runOnlyForDeploymentPostprocessing = 1;
		};
		85FA08B1233235E1005A7713 /* CopyFiles */ = {
			isa = PBXCopyFilesBuildPhase;
			buildActionMask = 2147483647;
			dstPath = /usr/share/man/man1/;
			dstSubfolderSpec = 0;
			files = (
			);
			runOnlyForDeploymentPostprocessing = 1;
		};
		85FA08BC23323670005A7713 /* CopyFiles */ = {
			isa = PBXCopyFilesBuildPhase;
			buildActionMask = 2147483647;
			dstPath = /usr/share/man/man1/;
			dstSubfolderSpec = 0;
			files = (
			);
			runOnlyForDeploymentPostprocessing = 1;
		};
/* End PBXCopyFilesBuildPhase section */

/* Begin PBXFileReference section */
		85E6722F23321A83006796DB /* README.md */ = {isa = PBXFileReference; lastKnownFileType = net.daringfireball.markdown; path = README.md; sourceTree = "<group>"; };
		85E6723123321B57006796DB /* main.cpp */ = {isa = PBXFileReference; fileEncoding = 4; lastKnownFileType = sourcecode.cpp.cpp; path = main.cpp; sourceTree = "<group>"; };
		85E6723223321B57006796DB /* week1.pdf */ = {isa = PBXFileReference; lastKnownFileType = image.pdf; path = week1.pdf; sourceTree = "<group>"; };
		85E6723423321BB1006796DB /* README.md */ = {isa = PBXFileReference; lastKnownFileType = net.daringfireball.markdown; path = README.md; sourceTree = "<group>"; };
		85FA07FB23321F06005A7713 /* week2.pdf */ = {isa = PBXFileReference; lastKnownFileType = image.pdf; path = week2.pdf; sourceTree = "<group>"; };
		85FA07FD23321F1D005A7713 /* README.md */ = {isa = PBXFileReference; lastKnownFileType = net.daringfireball.markdown; path = README.md; sourceTree = "<group>"; };
		85FA080D23321FD8005A7713 /* week1 */ = {isa = PBXFileReference; explicitFileType = "compiled.mach-o.executable"; includeInIndex = 0; path = week1; sourceTree = BUILT_PRODUCTS_DIR; };
		85FA08162332206B005A7713 /* file1.cpp */ = {isa = PBXFileReference; fileEncoding = 4; lastKnownFileType = sourcecode.cpp.cpp; path = file1.cpp; sourceTree = "<group>"; };
		85FA081B2332266A005A7713 /* presentation-1.pdf */ = {isa = PBXFileReference; lastKnownFileType = image.pdf; path = "presentation-1.pdf"; sourceTree = "<group>"; };
		85FA081C2332266A005A7713 /* presentation-2.pdf */ = {isa = PBXFileReference; lastKnownFileType = image.pdf; path = "presentation-2.pdf"; sourceTree = "<group>"; };
		85FA081E23322693005A7713 /* presentation.pdf */ = {isa = PBXFileReference; lastKnownFileType = image.pdf; path = presentation.pdf; sourceTree = "<group>"; };
		85FA081F23322823005A7713 /* file2.cpp */ = {isa = PBXFileReference; lastKnownFileType = sourcecode.cpp.cpp; path = file2.cpp; sourceTree = "<group>"; };
		85FA082823322DDC005A7713 /* volgorde */ = {isa = PBXFileReference; explicitFileType = "compiled.mach-o.executable"; includeInIndex = 0; path = volgorde; sourceTree = BUILT_PRODUCTS_DIR; };
		85FA082A23322DDC005A7713 /* volgorde.cpp */ = {isa = PBXFileReference; lastKnownFileType = sourcecode.cpp.cpp; path = volgorde.cpp; sourceTree = "<group>"; };
		85FA083323322E43005A7713 /* linker-boel */ = {isa = PBXFileReference; explicitFileType = "compiled.mach-o.executable"; includeInIndex = 0; path = "linker-boel"; sourceTree = BUILT_PRODUCTS_DIR; };
		85FA084023322EF4005A7713 /* forward-needed */ = {isa = PBXFileReference; explicitFileType = "compiled.mach-o.executable"; includeInIndex = 0; path = "forward-needed"; sourceTree = BUILT_PRODUCTS_DIR; };
		85FA084223322EF4005A7713 /* forward-needed.cpp */ = {isa = PBXFileReference; lastKnownFileType = sourcecode.cpp.cpp; path = "forward-needed.cpp"; sourceTree = "<group>"; };
		85FA084B23322F49005A7713 /* heap-stack */ = {isa = PBXFileReference; explicitFileType = "compiled.mach-o.executable"; includeInIndex = 0; path = "heap-stack"; sourceTree = BUILT_PRODUCTS_DIR; };
		85FA084D23322F49005A7713 /* main.cpp */ = {isa = PBXFileReference; lastKnownFileType = sourcecode.cpp.cpp; path = main.cpp; sourceTree = "<group>"; };
		85FA0858233230A2005A7713 /* pointers */ = {isa = PBXFileReference; explicitFileType = "compiled.mach-o.executable"; includeInIndex = 0; path = pointers; sourceTree = BUILT_PRODUCTS_DIR; };
		85FA085A233230A2005A7713 /* main.cpp */ = {isa = PBXFileReference; lastKnownFileType = sourcecode.cpp.cpp; path = main.cpp; sourceTree = "<group>"; };
		85FA085F233230C7005A7713 /* week3 big-uns.zip */ = {isa = PBXFileReference; lastKnownFileType = archive.zip; path = "week3 big-uns.zip"; sourceTree = "<group>"; };
		85FA0860233230C7005A7713 /* week3.pdf */ = {isa = PBXFileReference; lastKnownFileType = image.pdf; path = week3.pdf; sourceTree = "<group>"; };
		85FA0861233230C7005A7713 /* README.md */ = {isa = PBXFileReference; lastKnownFileType = net.daringfireball.markdown; path = README.md; sourceTree = "<group>"; };
		85FA0866233233DB005A7713 /* call-by-value */ = {isa = PBXFileReference; explicitFileType = "compiled.mach-o.executable"; includeInIndex = 0; path = "call-by-value"; sourceTree = BUILT_PRODUCTS_DIR; };
		85FA0868233233DB005A7713 /* main.cpp */ = {isa = PBXFileReference; lastKnownFileType = sourcecode.cpp.cpp; path = main.cpp; sourceTree = "<group>"; };
		85FA08712332340A005A7713 /* call-by-reference */ = {isa = PBXFileReference; explicitFileType = "compiled.mach-o.executable"; includeInIndex = 0; path = "call-by-reference"; sourceTree = BUILT_PRODUCTS_DIR; };
		85FA08732332340A005A7713 /* main.cpp */ = {isa = PBXFileReference; lastKnownFileType = sourcecode.cpp.cpp; path = main.cpp; sourceTree = "<group>"; };
		85FA087C23323470005A7713 /* structs */ = {isa = PBXFileReference; explicitFileType = "compiled.mach-o.executable"; includeInIndex = 0; path = structs; sourceTree = BUILT_PRODUCTS_DIR; };
		85FA087E23323470005A7713 /* main.cpp */ = {isa = PBXFileReference; lastKnownFileType = sourcecode.cpp.cpp; path = main.cpp; sourceTree = "<group>"; };
		85FA0887233234BE005A7713 /* brand-new-day */ = {isa = PBXFileReference; explicitFileType = "compiled.mach-o.executable"; includeInIndex = 0; path = "brand-new-day"; sourceTree = BUILT_PRODUCTS_DIR; };
		85FA0889233234BE005A7713 /* main.cpp */ = {isa = PBXFileReference; lastKnownFileType = sourcecode.cpp.cpp; path = main.cpp; sourceTree = "<group>"; };
		85FA0892233234F4005A7713 /* dont-leak */ = {isa = PBXFileReference; explicitFileType = "compiled.mach-o.executable"; includeInIndex = 0; path = "dont-leak"; sourceTree = BUILT_PRODUCTS_DIR; };
		85FA0894233234F4005A7713 /* main.cpp */ = {isa = PBXFileReference; lastKnownFileType = sourcecode.cpp.cpp; path = main.cpp; sourceTree = "<group>"; };
		85FA089D2332352A005A7713 /* forgot-my-name */ = {isa = PBXFileReference; explicitFileType = "compiled.mach-o.executable"; includeInIndex = 0; path = "forgot-my-name"; sourceTree = BUILT_PRODUCTS_DIR; };
		85FA089F2332352A005A7713 /* main.cpp */ = {isa = PBXFileReference; lastKnownFileType = sourcecode.cpp.cpp; path = main.cpp; sourceTree = "<group>"; };
		85FA08A823323592005A7713 /* string-length */ = {isa = PBXFileReference; explicitFileType = "compiled.mach-o.executable"; includeInIndex = 0; path = "string-length"; sourceTree = BUILT_PRODUCTS_DIR; };
		85FA08AA23323592005A7713 /* main.cpp */ = {isa = PBXFileReference; lastKnownFileType = sourcecode.cpp.cpp; path = main.cpp; sourceTree = "<group>"; };
		85FA08B3233235E1005A7713 /* buffer-overflow */ = {isa = PBXFileReference; explicitFileType = "compiled.mach-o.executable"; includeInIndex = 0; path = "buffer-overflow"; sourceTree = BUILT_PRODUCTS_DIR; };
		85FA08B5233235E1005A7713 /* main.cpp */ = {isa = PBXFileReference; lastKnownFileType = sourcecode.cpp.cpp; path = main.cpp; sourceTree = "<group>"; };
		85FA08BE23323670005A7713 /* big-uns */ = {isa = PBXFileReference; explicitFileType = "compiled.mach-o.executable"; includeInIndex = 0; path = "big-uns"; sourceTree = BUILT_PRODUCTS_DIR; };
		85FA08C523323699005A7713 /* read_int.cpp */ = {isa = PBXFileReference; fileEncoding = 4; lastKnownFileType = sourcecode.cpp.cpp; path = read_int.cpp; sourceTree = "<group>"; };
		85FA08C623323699005A7713 /* big_uns.cpp */ = {isa = PBXFileReference; fileEncoding = 4; lastKnownFileType = sourcecode.cpp.cpp; path = big_uns.cpp; sourceTree = "<group>"; };
		85FA08C723323699005A7713 /* read_int.h */ = {isa = PBXFileReference; fileEncoding = 4; lastKnownFileType = sourcecode.c.h; path = read_int.h; sourceTree = "<group>"; };
/* End PBXFileReference section */

/* Begin PBXFrameworksBuildPhase section */
		85FA080A23321FD8005A7713 /* Frameworks */ = {
			isa = PBXFrameworksBuildPhase;
			buildActionMask = 2147483647;
			files = (
			);
			runOnlyForDeploymentPostprocessing = 0;
		};
		85FA082523322DDC005A7713 /* Frameworks */ = {
			isa = PBXFrameworksBuildPhase;
			buildActionMask = 2147483647;
			files = (
			);
			runOnlyForDeploymentPostprocessing = 0;
		};
		85FA083023322E43005A7713 /* Frameworks */ = {
			isa = PBXFrameworksBuildPhase;
			buildActionMask = 2147483647;
			files = (
			);
			runOnlyForDeploymentPostprocessing = 0;
		};
		85FA083D23322EF4005A7713 /* Frameworks */ = {
			isa = PBXFrameworksBuildPhase;
			buildActionMask = 2147483647;
			files = (
			);
			runOnlyForDeploymentPostprocessing = 0;
		};
		85FA084823322F49005A7713 /* Frameworks */ = {
			isa = PBXFrameworksBuildPhase;
			buildActionMask = 2147483647;
			files = (
			);
			runOnlyForDeploymentPostprocessing = 0;
		};
		85FA0855233230A2005A7713 /* Frameworks */ = {
			isa = PBXFrameworksBuildPhase;
			buildActionMask = 2147483647;
			files = (
			);
			runOnlyForDeploymentPostprocessing = 0;
		};
		85FA0863233233DB005A7713 /* Frameworks */ = {
			isa = PBXFrameworksBuildPhase;
			buildActionMask = 2147483647;
			files = (
			);
			runOnlyForDeploymentPostprocessing = 0;
		};
		85FA086E2332340A005A7713 /* Frameworks */ = {
			isa = PBXFrameworksBuildPhase;
			buildActionMask = 2147483647;
			files = (
			);
			runOnlyForDeploymentPostprocessing = 0;
		};
		85FA087923323470005A7713 /* Frameworks */ = {
			isa = PBXFrameworksBuildPhase;
			buildActionMask = 2147483647;
			files = (
			);
			runOnlyForDeploymentPostprocessing = 0;
		};
		85FA0884233234BE005A7713 /* Frameworks */ = {
			isa = PBXFrameworksBuildPhase;
			buildActionMask = 2147483647;
			files = (
			);
			runOnlyForDeploymentPostprocessing = 0;
		};
		85FA088F233234F4005A7713 /* Frameworks */ = {
			isa = PBXFrameworksBuildPhase;
			buildActionMask = 2147483647;
			files = (
			);
			runOnlyForDeploymentPostprocessing = 0;
		};
		85FA089A2332352A005A7713 /* Frameworks */ = {
			isa = PBXFrameworksBuildPhase;
			buildActionMask = 2147483647;
			files = (
			);
			runOnlyForDeploymentPostprocessing = 0;
		};
		85FA08A523323592005A7713 /* Frameworks */ = {
			isa = PBXFrameworksBuildPhase;
			buildActionMask = 2147483647;
			files = (
			);
			runOnlyForDeploymentPostprocessing = 0;
		};
		85FA08B0233235E1005A7713 /* Frameworks */ = {
			isa = PBXFrameworksBuildPhase;
			buildActionMask = 2147483647;
			files = (
			);
			runOnlyForDeploymentPostprocessing = 0;
		};
		85FA08BB23323670005A7713 /* Frameworks */ = {
			isa = PBXFrameworksBuildPhase;
			buildActionMask = 2147483647;
			files = (
			);
			runOnlyForDeploymentPostprocessing = 0;
		};
/* End PBXFrameworksBuildPhase section */

/* Begin PBXGroup section */
		85E6721C233219A4006796DB = {
			isa = PBXGroup;
			children = (
				85FA085323323017005A7713 /* week3 */,
				85FA080323321FBC005A7713 /* week2 */,
				85FA080E23321FD8005A7713 /* week1 */,
				85E67226233219A4006796DB /* Products */,
				85E6722F23321A83006796DB /* README.md */,
			);
			sourceTree = "<group>";
		};
		85E67226233219A4006796DB /* Products */ = {
			isa = PBXGroup;
			children = (
				85FA080D23321FD8005A7713 /* week1 */,
				85FA082823322DDC005A7713 /* volgorde */,
				85FA083323322E43005A7713 /* linker-boel */,
				85FA084023322EF4005A7713 /* forward-needed */,
				85FA084B23322F49005A7713 /* heap-stack */,
				85FA0858233230A2005A7713 /* pointers */,
				85FA0866233233DB005A7713 /* call-by-value */,
				85FA08712332340A005A7713 /* call-by-reference */,
				85FA087C23323470005A7713 /* structs */,
				85FA0887233234BE005A7713 /* brand-new-day */,
				85FA0892233234F4005A7713 /* dont-leak */,
				85FA089D2332352A005A7713 /* forgot-my-name */,
				85FA08A823323592005A7713 /* string-length */,
				85FA08B3233235E1005A7713 /* buffer-overflow */,
				85FA08BE23323670005A7713 /* big-uns */,
			);
			name = Products;
			sourceTree = "<group>";
		};
		85FA080323321FBC005A7713 /* week2 */ = {
			isa = PBXGroup;
			children = (
				85FA084C23322F49005A7713 /* heap-stack */,
				85FA084123322EF4005A7713 /* forward-needed */,
				85FA083423322E43005A7713 /* linker-boel */,
				85FA082923322DDC005A7713 /* volgorde */,
				85FA081B2332266A005A7713 /* presentation-1.pdf */,
				85FA081C2332266A005A7713 /* presentation-2.pdf */,
				85FA07FD23321F1D005A7713 /* README.md */,
				85FA07FB23321F06005A7713 /* week2.pdf */,
			);
			path = week2;
			sourceTree = "<group>";
		};
		85FA080E23321FD8005A7713 /* week1 */ = {
			isa = PBXGroup;
			children = (
				85FA081E23322693005A7713 /* presentation.pdf */,
				85E6723123321B57006796DB /* main.cpp */,
				85E6723223321B57006796DB /* week1.pdf */,
				85E6723423321BB1006796DB /* README.md */,
			);
			path = week1;
			sourceTree = "<group>";
		};
		85FA082923322DDC005A7713 /* volgorde */ = {
			isa = PBXGroup;
			children = (
				85FA082A23322DDC005A7713 /* volgorde.cpp */,
			);
			path = volgorde;
			sourceTree = "<group>";
		};
		85FA083423322E43005A7713 /* linker-boel */ = {
			isa = PBXGroup;
			children = (
				85FA08162332206B005A7713 /* file1.cpp */,
				85FA081F23322823005A7713 /* file2.cpp */,
			);
			path = "linker-boel";
			sourceTree = "<group>";
		};
		85FA084123322EF4005A7713 /* forward-needed */ = {
			isa = PBXGroup;
			children = (
				85FA084223322EF4005A7713 /* forward-needed.cpp */,
			);
			path = "forward-needed";
			sourceTree = "<group>";
		};
		85FA084C23322F49005A7713 /* heap-stack */ = {
			isa = PBXGroup;
			children = (
				85FA084D23322F49005A7713 /* main.cpp */,
			);
			path = "heap-stack";
			sourceTree = "<group>";
		};
		85FA085323323017005A7713 /* week3 */ = {
			isa = PBXGroup;
			children = (
				85FA0859233230A2005A7713 /* pointers */,
				85FA08722332340A005A7713 /* call-by-reference */,
				85FA0867233233DB005A7713 /* call-by-value */,
				85FA087D23323470005A7713 /* structs */,
				85FA0888233234BE005A7713 /* brand-new-day */,
				85FA0893233234F4005A7713 /* dont-leak */,
				85FA089E2332352A005A7713 /* forgot-my-name */,
				85FA08A923323592005A7713 /* string-length */,
				85FA08B4233235E1005A7713 /* buffer-overflow */,
				85FA08BF23323670005A7713 /* big-uns */,
				85FA0861233230C7005A7713 /* README.md */,
				85FA0860233230C7005A7713 /* week3.pdf */,
			);
			path = week3;
			sourceTree = "<group>";
		};
		85FA0859233230A2005A7713 /* pointers */ = {
			isa = PBXGroup;
			children = (
				85FA085A233230A2005A7713 /* main.cpp */,
			);
			path = pointers;
			sourceTree = "<group>";
		};
		85FA0867233233DB005A7713 /* call-by-value */ = {
			isa = PBXGroup;
			children = (
				85FA0868233233DB005A7713 /* main.cpp */,
			);
			path = "call-by-value";
			sourceTree = "<group>";
		};
		85FA08722332340A005A7713 /* call-by-reference */ = {
			isa = PBXGroup;
			children = (
				85FA08732332340A005A7713 /* main.cpp */,
			);
			path = "call-by-reference";
			sourceTree = "<group>";
		};
		85FA087D23323470005A7713 /* structs */ = {
			isa = PBXGroup;
			children = (
				85FA087E23323470005A7713 /* main.cpp */,
			);
			path = structs;
			sourceTree = "<group>";
		};
		85FA0888233234BE005A7713 /* brand-new-day */ = {
			isa = PBXGroup;
			children = (
				85FA0889233234BE005A7713 /* main.cpp */,
			);
			path = "brand-new-day";
			sourceTree = "<group>";
		};
		85FA0893233234F4005A7713 /* dont-leak */ = {
			isa = PBXGroup;
			children = (
				85FA0894233234F4005A7713 /* main.cpp */,
			);
			path = "dont-leak";
			sourceTree = "<group>";
		};
		85FA089E2332352A005A7713 /* forgot-my-name */ = {
			isa = PBXGroup;
			children = (
				85FA089F2332352A005A7713 /* main.cpp */,
			);
			path = "forgot-my-name";
			sourceTree = "<group>";
		};
		85FA08A923323592005A7713 /* string-length */ = {
			isa = PBXGroup;
			children = (
				85FA08AA23323592005A7713 /* main.cpp */,
			);
			path = "string-length";
			sourceTree = "<group>";
		};
		85FA08B4233235E1005A7713 /* buffer-overflow */ = {
			isa = PBXGroup;
			children = (
				85FA08B5233235E1005A7713 /* main.cpp */,
			);
			path = "buffer-overflow";
			sourceTree = "<group>";
		};
		85FA08BF23323670005A7713 /* big-uns */ = {
			isa = PBXGroup;
			children = (
				85FA08C623323699005A7713 /* big_uns.cpp */,
				85FA08C523323699005A7713 /* read_int.cpp */,
				85FA08C723323699005A7713 /* read_int.h */,
				85FA085F233230C7005A7713 /* week3 big-uns.zip */,
			);
			path = "big-uns";
			sourceTree = "<group>";
		};
/* End PBXGroup section */

/* Begin PBXNativeTarget section */
		85FA080C23321FD8005A7713 /* week1 */ = {
			isa = PBXNativeTarget;
			buildConfigurationList = 85FA081123321FD8005A7713 /* Build configuration list for PBXNativeTarget "week1" */;
			buildPhases = (
				85FA080923321FD8005A7713 /* Sources */,
				85FA080A23321FD8005A7713 /* Frameworks */,
				85FA080B23321FD8005A7713 /* CopyFiles */,
			);
			buildRules = (
			);
			dependencies = (
			);
			name = week1;
			productName = week1;
			productReference = 85FA080D23321FD8005A7713 /* week1 */;
			productType = "com.apple.product-type.tool";
		};
		85FA082723322DDC005A7713 /* volgorde */ = {
			isa = PBXNativeTarget;
			buildConfigurationList = 85FA082C23322DDC005A7713 /* Build configuration list for PBXNativeTarget "volgorde" */;
			buildPhases = (
				85FA082423322DDC005A7713 /* Sources */,
				85FA082523322DDC005A7713 /* Frameworks */,
				85FA082623322DDC005A7713 /* CopyFiles */,
			);
			buildRules = (
			);
			dependencies = (
			);
			name = volgorde;
			productName = "week2-volgorde";
			productReference = 85FA082823322DDC005A7713 /* volgorde */;
			productType = "com.apple.product-type.tool";
		};
		85FA083223322E43005A7713 /* linker-boel */ = {
			isa = PBXNativeTarget;
			buildConfigurationList = 85FA083723322E43005A7713 /* Build configuration list for PBXNativeTarget "linker-boel" */;
			buildPhases = (
				85FA082F23322E43005A7713 /* Sources */,
				85FA083023322E43005A7713 /* Frameworks */,
				85FA083123322E43005A7713 /* CopyFiles */,
			);
			buildRules = (
			);
			dependencies = (
			);
			name = "linker-boel";
			productName = "linker-boel";
			productReference = 85FA083323322E43005A7713 /* linker-boel */;
			productType = "com.apple.product-type.tool";
		};
		85FA083F23322EF4005A7713 /* forward-needed */ = {
			isa = PBXNativeTarget;
			buildConfigurationList = 85FA084423322EF4005A7713 /* Build configuration list for PBXNativeTarget "forward-needed" */;
			buildPhases = (
				85FA083C23322EF4005A7713 /* Sources */,
				85FA083D23322EF4005A7713 /* Frameworks */,
				85FA083E23322EF4005A7713 /* CopyFiles */,
			);
			buildRules = (
			);
			dependencies = (
			);
			name = "forward-needed";
			productName = "forward-needed";
			productReference = 85FA084023322EF4005A7713 /* forward-needed */;
			productType = "com.apple.product-type.tool";
		};
		85FA084A23322F49005A7713 /* heap-stack */ = {
			isa = PBXNativeTarget;
			buildConfigurationList = 85FA084F23322F49005A7713 /* Build configuration list for PBXNativeTarget "heap-stack" */;
			buildPhases = (
				85FA084723322F49005A7713 /* Sources */,
				85FA084823322F49005A7713 /* Frameworks */,
				85FA084923322F49005A7713 /* CopyFiles */,
			);
			buildRules = (
			);
			dependencies = (
			);
			name = "heap-stack";
			productName = "heap-stack";
			productReference = 85FA084B23322F49005A7713 /* heap-stack */;
			productType = "com.apple.product-type.tool";
		};
		85FA0857233230A2005A7713 /* pointers */ = {
			isa = PBXNativeTarget;
			buildConfigurationList = 85FA085C233230A2005A7713 /* Build configuration list for PBXNativeTarget "pointers" */;
			buildPhases = (
				85FA0854233230A2005A7713 /* Sources */,
				85FA0855233230A2005A7713 /* Frameworks */,
				85FA0856233230A2005A7713 /* CopyFiles */,
			);
			buildRules = (
			);
			dependencies = (
			);
			name = pointers;
			productName = pointers;
			productReference = 85FA0858233230A2005A7713 /* pointers */;
			productType = "com.apple.product-type.tool";
		};
		85FA0865233233DB005A7713 /* call-by-value */ = {
			isa = PBXNativeTarget;
			buildConfigurationList = 85FA086A233233DB005A7713 /* Build configuration list for PBXNativeTarget "call-by-value" */;
			buildPhases = (
				85FA0862233233DB005A7713 /* Sources */,
				85FA0863233233DB005A7713 /* Frameworks */,
				85FA0864233233DB005A7713 /* CopyFiles */,
			);
			buildRules = (
			);
			dependencies = (
			);
			name = "call-by-value";
			productName = "call-by-value";
			productReference = 85FA0866233233DB005A7713 /* call-by-value */;
			productType = "com.apple.product-type.tool";
		};
		85FA08702332340A005A7713 /* call-by-reference */ = {
			isa = PBXNativeTarget;
			buildConfigurationList = 85FA08752332340A005A7713 /* Build configuration list for PBXNativeTarget "call-by-reference" */;
			buildPhases = (
				85FA086D2332340A005A7713 /* Sources */,
				85FA086E2332340A005A7713 /* Frameworks */,
				85FA086F2332340A005A7713 /* CopyFiles */,
			);
			buildRules = (
			);
			dependencies = (
			);
			name = "call-by-reference";
			productName = "call-by-reference";
			productReference = 85FA08712332340A005A7713 /* call-by-reference */;
			productType = "com.apple.product-type.tool";
		};
		85FA087B23323470005A7713 /* structs */ = {
			isa = PBXNativeTarget;
			buildConfigurationList = 85FA088023323470005A7713 /* Build configuration list for PBXNativeTarget "structs" */;
			buildPhases = (
				85FA087823323470005A7713 /* Sources */,
				85FA087923323470005A7713 /* Frameworks */,
				85FA087A23323470005A7713 /* CopyFiles */,
			);
			buildRules = (
			);
			dependencies = (
			);
			name = structs;
			productName = structs;
			productReference = 85FA087C23323470005A7713 /* structs */;
			productType = "com.apple.product-type.tool";
		};
		85FA0886233234BE005A7713 /* brand-new-day */ = {
			isa = PBXNativeTarget;
			buildConfigurationList = 85FA088B233234BE005A7713 /* Build configuration list for PBXNativeTarget "brand-new-day" */;
			buildPhases = (
				85FA0883233234BE005A7713 /* Sources */,
				85FA0884233234BE005A7713 /* Frameworks */,
				85FA0885233234BE005A7713 /* CopyFiles */,
			);
			buildRules = (
			);
			dependencies = (
			);
			name = "brand-new-day";
			productName = "brand-new-day";
			productReference = 85FA0887233234BE005A7713 /* brand-new-day */;
			productType = "com.apple.product-type.tool";
		};
		85FA0891233234F4005A7713 /* dont-leak */ = {
			isa = PBXNativeTarget;
			buildConfigurationList = 85FA0896233234F4005A7713 /* Build configuration list for PBXNativeTarget "dont-leak" */;
			buildPhases = (
				85FA088E233234F4005A7713 /* Sources */,
				85FA088F233234F4005A7713 /* Frameworks */,
				85FA0890233234F4005A7713 /* CopyFiles */,
			);
			buildRules = (
			);
			dependencies = (
			);
			name = "dont-leak";
			productName = "dont-leak";
			productReference = 85FA0892233234F4005A7713 /* dont-leak */;
			productType = "com.apple.product-type.tool";
		};
		85FA089C2332352A005A7713 /* forgot-my-name */ = {
			isa = PBXNativeTarget;
			buildConfigurationList = 85FA08A12332352A005A7713 /* Build configuration list for PBXNativeTarget "forgot-my-name" */;
			buildPhases = (
				85FA08992332352A005A7713 /* Sources */,
				85FA089A2332352A005A7713 /* Frameworks */,
				85FA089B2332352A005A7713 /* CopyFiles */,
			);
			buildRules = (
			);
			dependencies = (
			);
			name = "forgot-my-name";
			productName = "forgot-my-name";
			productReference = 85FA089D2332352A005A7713 /* forgot-my-name */;
			productType = "com.apple.product-type.tool";
		};
		85FA08A723323592005A7713 /* string-length */ = {
			isa = PBXNativeTarget;
			buildConfigurationList = 85FA08AC23323592005A7713 /* Build configuration list for PBXNativeTarget "string-length" */;
			buildPhases = (
				85FA08A423323592005A7713 /* Sources */,
				85FA08A523323592005A7713 /* Frameworks */,
				85FA08A623323592005A7713 /* CopyFiles */,
			);
			buildRules = (
			);
			dependencies = (
			);
			name = "string-length";
			productName = "string-length";
			productReference = 85FA08A823323592005A7713 /* string-length */;
			productType = "com.apple.product-type.tool";
		};
		85FA08B2233235E1005A7713 /* buffer-overflow */ = {
			isa = PBXNativeTarget;
			buildConfigurationList = 85FA08B7233235E1005A7713 /* Build configuration list for PBXNativeTarget "buffer-overflow" */;
			buildPhases = (
				85FA08AF233235E1005A7713 /* Sources */,
				85FA08B0233235E1005A7713 /* Frameworks */,
				85FA08B1233235E1005A7713 /* CopyFiles */,
			);
			buildRules = (
			);
			dependencies = (
			);
			name = "buffer-overflow";
			productName = "buffer-overflow";
			productReference = 85FA08B3233235E1005A7713 /* buffer-overflow */;
			productType = "com.apple.product-type.tool";
		};
		85FA08BD23323670005A7713 /* big-uns */ = {
			isa = PBXNativeTarget;
			buildConfigurationList = 85FA08C223323670005A7713 /* Build configuration list for PBXNativeTarget "big-uns" */;
			buildPhases = (
				85FA08BA23323670005A7713 /* Sources */,
				85FA08BB23323670005A7713 /* Frameworks */,
				85FA08BC23323670005A7713 /* CopyFiles */,
			);
			buildRules = (
			);
			dependencies = (
			);
			name = "big-uns";
			productName = "big-uns";
			productReference = 85FA08BE23323670005A7713 /* big-uns */;
			productType = "com.apple.product-type.tool";
		};
/* End PBXNativeTarget section */

/* Begin PBXProject section */
		85E6721D233219A4006796DB /* Project object */ = {
			isa = PBXProject;
			attributes = {
				LastUpgradeCheck = 1030;
				ORGANIZATIONNAME = "Daan Soeten";
				TargetAttributes = {
					85FA080C23321FD8005A7713 = {
						CreatedOnToolsVersion = 10.3;
					};
					85FA082723322DDC005A7713 = {
						CreatedOnToolsVersion = 10.3;
					};
					85FA083223322E43005A7713 = {
						CreatedOnToolsVersion = 10.3;
					};
					85FA083F23322EF4005A7713 = {
						CreatedOnToolsVersion = 10.3;
					};
					85FA084A23322F49005A7713 = {
						CreatedOnToolsVersion = 10.3;
					};
					85FA0857233230A2005A7713 = {
						CreatedOnToolsVersion = 10.3;
					};
					85FA0865233233DB005A7713 = {
						CreatedOnToolsVersion = 10.3;
					};
					85FA08702332340A005A7713 = {
						CreatedOnToolsVersion = 10.3;
					};
					85FA087B23323470005A7713 = {
						CreatedOnToolsVersion = 10.3;
					};
					85FA0886233234BE005A7713 = {
						CreatedOnToolsVersion = 10.3;
					};
					85FA0891233234F4005A7713 = {
						CreatedOnToolsVersion = 10.3;
					};
					85FA089C2332352A005A7713 = {
						CreatedOnToolsVersion = 10.3;
					};
					85FA08A723323592005A7713 = {
						CreatedOnToolsVersion = 10.3;
					};
					85FA08B2233235E1005A7713 = {
						CreatedOnToolsVersion = 10.3;
					};
					85FA08BD23323670005A7713 = {
						CreatedOnToolsVersion = 10.3;
					};
				};
			};
			buildConfigurationList = 85E67220233219A4006796DB /* Build configuration list for PBXProject "cpp1" */;
			compatibilityVersion = "Xcode 9.3";
			developmentRegion = en;
			hasScannedForEncodings = 0;
			knownRegions = (
				en,
			);
			mainGroup = 85E6721C233219A4006796DB;
			productRefGroup = 85E67226233219A4006796DB /* Products */;
			projectDirPath = "";
			projectRoot = "";
			targets = (
				85FA080C23321FD8005A7713 /* week1 */,
				85FA082723322DDC005A7713 /* volgorde */,
				85FA083223322E43005A7713 /* linker-boel */,
				85FA083F23322EF4005A7713 /* forward-needed */,
				85FA084A23322F49005A7713 /* heap-stack */,
				85FA0857233230A2005A7713 /* pointers */,
				85FA0865233233DB005A7713 /* call-by-value */,
				85FA08702332340A005A7713 /* call-by-reference */,
				85FA087B23323470005A7713 /* structs */,
				85FA0886233234BE005A7713 /* brand-new-day */,
				85FA0891233234F4005A7713 /* dont-leak */,
				85FA089C2332352A005A7713 /* forgot-my-name */,
				85FA08A723323592005A7713 /* string-length */,
				85FA08B2233235E1005A7713 /* buffer-overflow */,
				85FA08BD23323670005A7713 /* big-uns */,
			);
		};
/* End PBXProject section */

/* Begin PBXSourcesBuildPhase section */
		85FA080923321FD8005A7713 /* Sources */ = {
			isa = PBXSourcesBuildPhase;
			buildActionMask = 2147483647;
			files = (
			);
			runOnlyForDeploymentPostprocessing = 0;
		};
		85FA082423322DDC005A7713 /* Sources */ = {
			isa = PBXSourcesBuildPhase;
			buildActionMask = 2147483647;
			files = (
				85FA082B23322DDC005A7713 /* volgorde.cpp in Sources */,
			);
			runOnlyForDeploymentPostprocessing = 0;
		};
		85FA082F23322E43005A7713 /* Sources */ = {
			isa = PBXSourcesBuildPhase;
			buildActionMask = 2147483647;
			files = (
				85FA083B23322E4F005A7713 /* file1.cpp in Sources */,
				85FA083A23322E4F005A7713 /* file2.cpp in Sources */,
			);
			runOnlyForDeploymentPostprocessing = 0;
		};
		85FA083C23322EF4005A7713 /* Sources */ = {
			isa = PBXSourcesBuildPhase;
			buildActionMask = 2147483647;
			files = (
				85FA084323322EF4005A7713 /* forward-needed.cpp in Sources */,
			);
			runOnlyForDeploymentPostprocessing = 0;
		};
		85FA084723322F49005A7713 /* Sources */ = {
			isa = PBXSourcesBuildPhase;
			buildActionMask = 2147483647;
			files = (
				85FA084E23322F49005A7713 /* main.cpp in Sources */,
			);
			runOnlyForDeploymentPostprocessing = 0;
		};
		85FA0854233230A2005A7713 /* Sources */ = {
			isa = PBXSourcesBuildPhase;
			buildActionMask = 2147483647;
			files = (
				85FA085B233230A2005A7713 /* main.cpp in Sources */,
			);
			runOnlyForDeploymentPostprocessing = 0;
		};
		85FA0862233233DB005A7713 /* Sources */ = {
			isa = PBXSourcesBuildPhase;
			buildActionMask = 2147483647;
			files = (
				85FA0869233233DB005A7713 /* main.cpp in Sources */,
			);
			runOnlyForDeploymentPostprocessing = 0;
		};
		85FA086D2332340A005A7713 /* Sources */ = {
			isa = PBXSourcesBuildPhase;
			buildActionMask = 2147483647;
			files = (
				85FA08742332340A005A7713 /* main.cpp in Sources */,
			);
			runOnlyForDeploymentPostprocessing = 0;
		};
		85FA087823323470005A7713 /* Sources */ = {
			isa = PBXSourcesBuildPhase;
			buildActionMask = 2147483647;
			files = (
				85FA087F23323470005A7713 /* main.cpp in Sources */,
			);
			runOnlyForDeploymentPostprocessing = 0;
		};
		85FA0883233234BE005A7713 /* Sources */ = {
			isa = PBXSourcesBuildPhase;
			buildActionMask = 2147483647;
			files = (
				85FA088A233234BE005A7713 /* main.cpp in Sources */,
			);
			runOnlyForDeploymentPostprocessing = 0;
		};
		85FA088E233234F4005A7713 /* Sources */ = {
			isa = PBXSourcesBuildPhase;
			buildActionMask = 2147483647;
			files = (
				85FA0895233234F4005A7713 /* main.cpp in Sources */,
			);
			runOnlyForDeploymentPostprocessing = 0;
		};
		85FA08992332352A005A7713 /* Sources */ = {
			isa = PBXSourcesBuildPhase;
			buildActionMask = 2147483647;
			files = (
				85FA08A02332352A005A7713 /* main.cpp in Sources */,
			);
			runOnlyForDeploymentPostprocessing = 0;
		};
		85FA08A423323592005A7713 /* Sources */ = {
			isa = PBXSourcesBuildPhase;
			buildActionMask = 2147483647;
			files = (
				85FA08AB23323592005A7713 /* main.cpp in Sources */,
			);
			runOnlyForDeploymentPostprocessing = 0;
		};
		85FA08AF233235E1005A7713 /* Sources */ = {
			isa = PBXSourcesBuildPhase;
			buildActionMask = 2147483647;
			files = (
				85FA08B6233235E1005A7713 /* main.cpp in Sources */,
			);
			runOnlyForDeploymentPostprocessing = 0;
		};
		85FA08BA23323670005A7713 /* Sources */ = {
			isa = PBXSourcesBuildPhase;
			buildActionMask = 2147483647;
			files = (
				85FA08C82332369A005A7713 /* read_int.cpp in Sources */,
				85FA08C92332369A005A7713 /* big_uns.cpp in Sources */,
			);
			runOnlyForDeploymentPostprocessing = 0;
		};
/* End PBXSourcesBuildPhase section */

/* Begin XCBuildConfiguration section */
		85E6722A233219A4006796DB /* Debug */ = {
			isa = XCBuildConfiguration;
			buildSettings = {
				ALWAYS_SEARCH_USER_PATHS = NO;
				CLANG_ANALYZER_NONNULL = YES;
				CLANG_ANALYZER_NUMBER_OBJECT_CONVERSION = YES_AGGRESSIVE;
				CLANG_CXX_LANGUAGE_STANDARD = "gnu++14";
				CLANG_CXX_LIBRARY = "libc++";
				CLANG_ENABLE_MODULES = YES;
				CLANG_ENABLE_OBJC_ARC = YES;
				CLANG_ENABLE_OBJC_WEAK = YES;
				CLANG_WARN_BLOCK_CAPTURE_AUTORELEASING = YES;
				CLANG_WARN_BOOL_CONVERSION = YES;
				CLANG_WARN_COMMA = YES;
				CLANG_WARN_CONSTANT_CONVERSION = YES;
				CLANG_WARN_DEPRECATED_OBJC_IMPLEMENTATIONS = YES;
				CLANG_WARN_DIRECT_OBJC_ISA_USAGE = YES_ERROR;
				CLANG_WARN_DOCUMENTATION_COMMENTS = YES;
				CLANG_WARN_EMPTY_BODY = YES;
				CLANG_WARN_ENUM_CONVERSION = YES;
				CLANG_WARN_INFINITE_RECURSION = YES;
				CLANG_WARN_INT_CONVERSION = YES;
				CLANG_WARN_NON_LITERAL_NULL_CONVERSION = YES;
				CLANG_WARN_OBJC_IMPLICIT_RETAIN_SELF = YES;
				CLANG_WARN_OBJC_LITERAL_CONVERSION = YES;
				CLANG_WARN_OBJC_ROOT_CLASS = YES_ERROR;
				CLANG_WARN_RANGE_LOOP_ANALYSIS = YES;
				CLANG_WARN_STRICT_PROTOTYPES = YES;
				CLANG_WARN_SUSPICIOUS_MOVE = YES;
				CLANG_WARN_UNGUARDED_AVAILABILITY = YES_AGGRESSIVE;
				CLANG_WARN_UNREACHABLE_CODE = YES;
				CLANG_WARN__DUPLICATE_METHOD_MATCH = YES;
				CODE_SIGN_IDENTITY = "-";
				COPY_PHASE_STRIP = NO;
				DEBUG_INFORMATION_FORMAT = dwarf;
				ENABLE_STRICT_OBJC_MSGSEND = YES;
				ENABLE_TESTABILITY = YES;
				GCC_C_LANGUAGE_STANDARD = gnu11;
				GCC_DYNAMIC_NO_PIC = NO;
				GCC_NO_COMMON_BLOCKS = YES;
				GCC_OPTIMIZATION_LEVEL = 0;
				GCC_PREPROCESSOR_DEFINITIONS = (
					"DEBUG=1",
					"$(inherited)",
				);
				GCC_WARN_64_TO_32_BIT_CONVERSION = YES;
				GCC_WARN_ABOUT_RETURN_TYPE = YES_ERROR;
				GCC_WARN_UNDECLARED_SELECTOR = YES;
				GCC_WARN_UNINITIALIZED_AUTOS = YES_AGGRESSIVE;
				GCC_WARN_UNUSED_FUNCTION = YES;
				GCC_WARN_UNUSED_VARIABLE = YES;
				MACOSX_DEPLOYMENT_TARGET = 10.14;
				MTL_ENABLE_DEBUG_INFO = INCLUDE_SOURCE;
				MTL_FAST_MATH = YES;
				ONLY_ACTIVE_ARCH = YES;
				SDKROOT = macosx;
			};
			name = Debug;
		};
		85E6722B233219A4006796DB /* Release */ = {
			isa = XCBuildConfiguration;
			buildSettings = {
				ALWAYS_SEARCH_USER_PATHS = NO;
				CLANG_ANALYZER_NONNULL = YES;
				CLANG_ANALYZER_NUMBER_OBJECT_CONVERSION = YES_AGGRESSIVE;
				CLANG_CXX_LANGUAGE_STANDARD = "gnu++14";
				CLANG_CXX_LIBRARY = "libc++";
				CLANG_ENABLE_MODULES = YES;
				CLANG_ENABLE_OBJC_ARC = YES;
				CLANG_ENABLE_OBJC_WEAK = YES;
				CLANG_WARN_BLOCK_CAPTURE_AUTORELEASING = YES;
				CLANG_WARN_BOOL_CONVERSION = YES;
				CLANG_WARN_COMMA = YES;
				CLANG_WARN_CONSTANT_CONVERSION = YES;
				CLANG_WARN_DEPRECATED_OBJC_IMPLEMENTATIONS = YES;
				CLANG_WARN_DIRECT_OBJC_ISA_USAGE = YES_ERROR;
				CLANG_WARN_DOCUMENTATION_COMMENTS = YES;
				CLANG_WARN_EMPTY_BODY = YES;
				CLANG_WARN_ENUM_CONVERSION = YES;
				CLANG_WARN_INFINITE_RECURSION = YES;
				CLANG_WARN_INT_CONVERSION = YES;
				CLANG_WARN_NON_LITERAL_NULL_CONVERSION = YES;
				CLANG_WARN_OBJC_IMPLICIT_RETAIN_SELF = YES;
				CLANG_WARN_OBJC_LITERAL_CONVERSION = YES;
				CLANG_WARN_OBJC_ROOT_CLASS = YES_ERROR;
				CLANG_WARN_RANGE_LOOP_ANALYSIS = YES;
				CLANG_WARN_STRICT_PROTOTYPES = YES;
				CLANG_WARN_SUSPICIOUS_MOVE = YES;
				CLANG_WARN_UNGUARDED_AVAILABILITY = YES_AGGRESSIVE;
				CLANG_WARN_UNREACHABLE_CODE = YES;
				CLANG_WARN__DUPLICATE_METHOD_MATCH = YES;
				CODE_SIGN_IDENTITY = "-";
				COPY_PHASE_STRIP = NO;
				DEBUG_INFORMATION_FORMAT = "dwarf-with-dsym";
				ENABLE_NS_ASSERTIONS = NO;
				ENABLE_STRICT_OBJC_MSGSEND = YES;
				GCC_C_LANGUAGE_STANDARD = gnu11;
				GCC_NO_COMMON_BLOCKS = YES;
				GCC_WARN_64_TO_32_BIT_CONVERSION = YES;
				GCC_WARN_ABOUT_RETURN_TYPE = YES_ERROR;
				GCC_WARN_UNDECLARED_SELECTOR = YES;
				GCC_WARN_UNINITIALIZED_AUTOS = YES_AGGRESSIVE;
				GCC_WARN_UNUSED_FUNCTION = YES;
				GCC_WARN_UNUSED_VARIABLE = YES;
				MACOSX_DEPLOYMENT_TARGET = 10.14;
				MTL_ENABLE_DEBUG_INFO = NO;
				MTL_FAST_MATH = YES;
				SDKROOT = macosx;
			};
			name = Release;
		};
		85FA081223321FD8005A7713 /* Debug */ = {
			isa = XCBuildConfiguration;
			buildSettings = {
				CODE_SIGN_STYLE = Automatic;
				PRODUCT_NAME = "$(TARGET_NAME)";
			};
			name = Debug;
		};
		85FA081323321FD8005A7713 /* Release */ = {
			isa = XCBuildConfiguration;
			buildSettings = {
				CODE_SIGN_STYLE = Automatic;
				PRODUCT_NAME = "$(TARGET_NAME)";
			};
			name = Release;
		};
		85FA082D23322DDC005A7713 /* Debug */ = {
			isa = XCBuildConfiguration;
			buildSettings = {
				CODE_SIGN_STYLE = Automatic;
				PRODUCT_NAME = "$(TARGET_NAME)";
			};
			name = Debug;
		};
		85FA082E23322DDC005A7713 /* Release */ = {
			isa = XCBuildConfiguration;
			buildSettings = {
				CODE_SIGN_STYLE = Automatic;
				PRODUCT_NAME = "$(TARGET_NAME)";
			};
			name = Release;
		};
		85FA083823322E43005A7713 /* Debug */ = {
			isa = XCBuildConfiguration;
			buildSettings = {
				CODE_SIGN_STYLE = Automatic;
				PRODUCT_NAME = "$(TARGET_NAME)";
			};
			name = Debug;
		};
		85FA083923322E43005A7713 /* Release */ = {
			isa = XCBuildConfiguration;
			buildSettings = {
				CODE_SIGN_STYLE = Automatic;
				PRODUCT_NAME = "$(TARGET_NAME)";
			};
			name = Release;
		};
		85FA084523322EF4005A7713 /* Debug */ = {
			isa = XCBuildConfiguration;
			buildSettings = {
				CODE_SIGN_STYLE = Automatic;
				PRODUCT_NAME = "$(TARGET_NAME)";
			};
			name = Debug;
		};
		85FA084623322EF4005A7713 /* Release */ = {
			isa = XCBuildConfiguration;
			buildSettings = {
				CODE_SIGN_STYLE = Automatic;
				PRODUCT_NAME = "$(TARGET_NAME)";
			};
			name = Release;
		};
		85FA085023322F49005A7713 /* Debug */ = {
			isa = XCBuildConfiguration;
			buildSettings = {
				CODE_SIGN_STYLE = Automatic;
				PRODUCT_NAME = "$(TARGET_NAME)";
			};
			name = Debug;
		};
		85FA085123322F49005A7713 /* Release */ = {
			isa = XCBuildConfiguration;
			buildSettings = {
				CODE_SIGN_STYLE = Automatic;
				PRODUCT_NAME = "$(TARGET_NAME)";
			};
			name = Release;
		};
		85FA085D233230A2005A7713 /* Debug */ = {
			isa = XCBuildConfiguration;
			buildSettings = {
				CODE_SIGN_STYLE = Automatic;
				PRODUCT_NAME = "$(TARGET_NAME)";
			};
			name = Debug;
		};
		85FA085E233230A2005A7713 /* Release */ = {
			isa = XCBuildConfiguration;
			buildSettings = {
				CODE_SIGN_STYLE = Automatic;
				PRODUCT_NAME = "$(TARGET_NAME)";
			};
			name = Release;
		};
		85FA086B233233DB005A7713 /* Debug */ = {
			isa = XCBuildConfiguration;
			buildSettings = {
				CODE_SIGN_STYLE = Automatic;
				PRODUCT_NAME = "$(TARGET_NAME)";
			};
			name = Debug;
		};
		85FA086C233233DB005A7713 /* Release */ = {
			isa = XCBuildConfiguration;
			buildSettings = {
				CODE_SIGN_STYLE = Automatic;
				PRODUCT_NAME = "$(TARGET_NAME)";
			};
			name = Release;
		};
		85FA08762332340A005A7713 /* Debug */ = {
			isa = XCBuildConfiguration;
			buildSettings = {
				CODE_SIGN_STYLE = Automatic;
				PRODUCT_NAME = "$(TARGET_NAME)";
			};
			name = Debug;
		};
		85FA08772332340A005A7713 /* Release */ = {
			isa = XCBuildConfiguration;
			buildSettings = {
				CODE_SIGN_STYLE = Automatic;
				PRODUCT_NAME = "$(TARGET_NAME)";
			};
			name = Release;
		};
		85FA088123323470005A7713 /* Debug */ = {
			isa = XCBuildConfiguration;
			buildSettings = {
				CODE_SIGN_STYLE = Automatic;
				PRODUCT_NAME = "$(TARGET_NAME)";
			};
			name = Debug;
		};
		85FA088223323470005A7713 /* Release */ = {
			isa = XCBuildConfiguration;
			buildSettings = {
				CODE_SIGN_STYLE = Automatic;
				PRODUCT_NAME = "$(TARGET_NAME)";
			};
			name = Release;
		};
		85FA088C233234BE005A7713 /* Debug */ = {
			isa = XCBuildConfiguration;
			buildSettings = {
				CODE_SIGN_STYLE = Automatic;
				PRODUCT_NAME = "$(TARGET_NAME)";
			};
			name = Debug;
		};
		85FA088D233234BE005A7713 /* Release */ = {
			isa = XCBuildConfiguration;
			buildSettings = {
				CODE_SIGN_STYLE = Automatic;
				PRODUCT_NAME = "$(TARGET_NAME)";
			};
			name = Release;
		};
		85FA0897233234F4005A7713 /* Debug */ = {
			isa = XCBuildConfiguration;
			buildSettings = {
				CODE_SIGN_STYLE = Automatic;
				PRODUCT_NAME = "$(TARGET_NAME)";
			};
			name = Debug;
		};
		85FA0898233234F4005A7713 /* Release */ = {
			isa = XCBuildConfiguration;
			buildSettings = {
				CODE_SIGN_STYLE = Automatic;
				PRODUCT_NAME = "$(TARGET_NAME)";
			};
			name = Release;
		};
		85FA08A22332352A005A7713 /* Debug */ = {
			isa = XCBuildConfiguration;
			buildSettings = {
				CODE_SIGN_STYLE = Automatic;
				PRODUCT_NAME = "$(TARGET_NAME)";
			};
			name = Debug;
		};
		85FA08A32332352A005A7713 /* Release */ = {
			isa = XCBuildConfiguration;
			buildSettings = {
				CODE_SIGN_STYLE = Automatic;
				PRODUCT_NAME = "$(TARGET_NAME)";
			};
			name = Release;
		};
		85FA08AD23323592005A7713 /* Debug */ = {
			isa = XCBuildConfiguration;
			buildSettings = {
				CODE_SIGN_STYLE = Automatic;
				PRODUCT_NAME = "$(TARGET_NAME)";
			};
			name = Debug;
		};
		85FA08AE23323592005A7713 /* Release */ = {
			isa = XCBuildConfiguration;
			buildSettings = {
				CODE_SIGN_STYLE = Automatic;
				PRODUCT_NAME = "$(TARGET_NAME)";
			};
			name = Release;
		};
		85FA08B8233235E1005A7713 /* Debug */ = {
			isa = XCBuildConfiguration;
			buildSettings = {
				CODE_SIGN_STYLE = Automatic;
				PRODUCT_NAME = "$(TARGET_NAME)";
			};
			name = Debug;
		};
		85FA08B9233235E1005A7713 /* Release */ = {
			isa = XCBuildConfiguration;
			buildSettings = {
				CODE_SIGN_STYLE = Automatic;
				PRODUCT_NAME = "$(TARGET_NAME)";
			};
			name = Release;
		};
		85FA08C323323670005A7713 /* Debug */ = {
			isa = XCBuildConfiguration;
			buildSettings = {
				CODE_SIGN_STYLE = Automatic;
				PRODUCT_NAME = "$(TARGET_NAME)";
			};
			name = Debug;
		};
		85FA08C423323670005A7713 /* Release */ = {
			isa = XCBuildConfiguration;
			buildSettings = {
				CODE_SIGN_STYLE = Automatic;
				PRODUCT_NAME = "$(TARGET_NAME)";
			};
			name = Release;
		};
/* End XCBuildConfiguration section */

/* Begin XCConfigurationList section */
		85E67220233219A4006796DB /* Build configuration list for PBXProject "cpp1" */ = {
			isa = XCConfigurationList;
			buildConfigurations = (
				85E6722A233219A4006796DB /* Debug */,
				85E6722B233219A4006796DB /* Release */,
			);
			defaultConfigurationIsVisible = 0;
			defaultConfigurationName = Release;
		};
		85FA081123321FD8005A7713 /* Build configuration list for PBXNativeTarget "week1" */ = {
			isa = XCConfigurationList;
			buildConfigurations = (
				85FA081223321FD8005A7713 /* Debug */,
				85FA081323321FD8005A7713 /* Release */,
			);
			defaultConfigurationIsVisible = 0;
			defaultConfigurationName = Release;
		};
		85FA082C23322DDC005A7713 /* Build configuration list for PBXNativeTarget "volgorde" */ = {
			isa = XCConfigurationList;
			buildConfigurations = (
				85FA082D23322DDC005A7713 /* Debug */,
				85FA082E23322DDC005A7713 /* Release */,
			);
			defaultConfigurationIsVisible = 0;
			defaultConfigurationName = Release;
		};
		85FA083723322E43005A7713 /* Build configuration list for PBXNativeTarget "linker-boel" */ = {
			isa = XCConfigurationList;
			buildConfigurations = (
				85FA083823322E43005A7713 /* Debug */,
				85FA083923322E43005A7713 /* Release */,
			);
			defaultConfigurationIsVisible = 0;
			defaultConfigurationName = Release;
		};
		85FA084423322EF4005A7713 /* Build configuration list for PBXNativeTarget "forward-needed" */ = {
			isa = XCConfigurationList;
			buildConfigurations = (
				85FA084523322EF4005A7713 /* Debug */,
				85FA084623322EF4005A7713 /* Release */,
			);
			defaultConfigurationIsVisible = 0;
			defaultConfigurationName = Release;
		};
		85FA084F23322F49005A7713 /* Build configuration list for PBXNativeTarget "heap-stack" */ = {
			isa = XCConfigurationList;
			buildConfigurations = (
				85FA085023322F49005A7713 /* Debug */,
				85FA085123322F49005A7713 /* Release */,
			);
			defaultConfigurationIsVisible = 0;
			defaultConfigurationName = Release;
		};
		85FA085C233230A2005A7713 /* Build configuration list for PBXNativeTarget "pointers" */ = {
			isa = XCConfigurationList;
			buildConfigurations = (
				85FA085D233230A2005A7713 /* Debug */,
				85FA085E233230A2005A7713 /* Release */,
			);
			defaultConfigurationIsVisible = 0;
			defaultConfigurationName = Release;
		};
		85FA086A233233DB005A7713 /* Build configuration list for PBXNativeTarget "call-by-value" */ = {
			isa = XCConfigurationList;
			buildConfigurations = (
				85FA086B233233DB005A7713 /* Debug */,
				85FA086C233233DB005A7713 /* Release */,
			);
			defaultConfigurationIsVisible = 0;
			defaultConfigurationName = Release;
		};
		85FA08752332340A005A7713 /* Build configuration list for PBXNativeTarget "call-by-reference" */ = {
			isa = XCConfigurationList;
			buildConfigurations = (
				85FA08762332340A005A7713 /* Debug */,
				85FA08772332340A005A7713 /* Release */,
			);
			defaultConfigurationIsVisible = 0;
			defaultConfigurationName = Release;
		};
		85FA088023323470005A7713 /* Build configuration list for PBXNativeTarget "structs" */ = {
			isa = XCConfigurationList;
			buildConfigurations = (
				85FA088123323470005A7713 /* Debug */,
				85FA088223323470005A7713 /* Release */,
			);
			defaultConfigurationIsVisible = 0;
			defaultConfigurationName = Release;
		};
		85FA088B233234BE005A7713 /* Build configuration list for PBXNativeTarget "brand-new-day" */ = {
			isa = XCConfigurationList;
			buildConfigurations = (
				85FA088C233234BE005A7713 /* Debug */,
				85FA088D233234BE005A7713 /* Release */,
			);
			defaultConfigurationIsVisible = 0;
			defaultConfigurationName = Release;
		};
		85FA0896233234F4005A7713 /* Build configuration list for PBXNativeTarget "dont-leak" */ = {
			isa = XCConfigurationList;
			buildConfigurations = (
				85FA0897233234F4005A7713 /* Debug */,
				85FA0898233234F4005A7713 /* Release */,
			);
			defaultConfigurationIsVisible = 0;
			defaultConfigurationName = Release;
		};
		85FA08A12332352A005A7713 /* Build configuration list for PBXNativeTarget "forgot-my-name" */ = {
			isa = XCConfigurationList;
			buildConfigurations = (
				85FA08A22332352A005A7713 /* Debug */,
				85FA08A32332352A005A7713 /* Release */,
			);
			defaultConfigurationIsVisible = 0;
			defaultConfigurationName = Release;
		};
		85FA08AC23323592005A7713 /* Build configuration list for PBXNativeTarget "string-length" */ = {
			isa = XCConfigurationList;
			buildConfigurations = (
				85FA08AD23323592005A7713 /* Debug */,
				85FA08AE23323592005A7713 /* Release */,
			);
			defaultConfigurationIsVisible = 0;
			defaultConfigurationName = Release;
		};
		85FA08B7233235E1005A7713 /* Build configuration list for PBXNativeTarget "buffer-overflow" */ = {
			isa = XCConfigurationList;
			buildConfigurations = (
				85FA08B8233235E1005A7713 /* Debug */,
				85FA08B9233235E1005A7713 /* Release */,
			);
			defaultConfigurationIsVisible = 0;
			defaultConfigurationName = Release;
		};
		85FA08C223323670005A7713 /* Build configuration list for PBXNativeTarget "big-uns" */ = {
			isa = XCConfigurationList;
			buildConfigurations = (
				85FA08C323323670005A7713 /* Debug */,
				85FA08C423323670005A7713 /* Release */,
			);
			defaultConfigurationIsVisible = 0;
			defaultConfigurationName = Release;
		};
/* End XCConfigurationList section */
	};
	rootObject = 85E6721D233219A4006796DB /* Project object */;
}
